
Microsoft Visual Studio Solution File, Format Version 12.00
# Visual Studio Version 16
VisualStudioVersion = 16.0.30611.23
MinimumVisualStudioVersion = 10.0.40219.1
Project("{9A19103F-16F7-4668-BE54-9A1E7A4F7556}") = "Inventary", "Inventary\Inventary.csproj", "{207A9BA2-6C39-4942-8AF9-75E3E9814D4C}"
EndProject
Project("{9A19103F-16F7-4668-BE54-9A1E7A4F7556}") = "Entities", "Entities\Entities.csproj", "{98D57FA3-AD2A-4AAC-9692-465C08E8107C}"
EndProject
Project("{9A19103F-16F7-4668-BE54-9A1E7A4F7556}") = "DataAccess", "DataAccess\DataAccess.csproj", "{D4609E0C-D533-4ECC-950D-84A27A8D9A3C}"
EndProject
Project("{9A19103F-16F7-4668-BE54-9A1E7A4F7556}") = "Business", "Business\Business.csproj", "{89D66556-4C2F-4F36-867D-FE7C64071AF9}"
EndProject
Global
	GlobalSection(SolutionConfigurationPlatforms) = preSolution
		Debug|Any CPU = Debug|Any CPU
		Release|Any CPU = Release|Any CPU
	EndGlobalSection
	GlobalSection(ProjectConfigurationPlatforms) = postSolution
		{207A9BA2-6C39-4942-8AF9-75E3E9814D4C}.Debug|Any CPU.ActiveCfg = Debug|Any CPU
		{207A9BA2-6C39-4942-8AF9-75E3E9814D4C}.Debug|Any CPU.Build.0 = Debug|Any CPU
		{207A9BA2-6C39-4942-8AF9-75E3E9814D4C}.Release|Any CPU.ActiveCfg = Release|Any CPU
		{207A9BA2-6C39-4942-8AF9-75E3E9814D4C}.Release|Any CPU.Build.0 = Release|Any CPU
		{98D57FA3-AD2A-4AAC-9692-465C08E8107C}.Debug|Any CPU.ActiveCfg = Debug|Any CPU
		{98D57FA3-AD2A-4AAC-9692-465C08E8107C}.Debug|Any CPU.Build.0 = Debug|Any CPU
		{98D57FA3-AD2A-4AAC-9692-465C08E8107C}.Release|Any CPU.ActiveCfg = Release|Any CPU
		{98D57FA3-AD2A-4AAC-9692-465C08E8107C}.Release|Any CPU.Build.0 = Release|Any CPU
		{D4609E0C-D533-4ECC-950D-84A27A8D9A3C}.Debug|Any CPU.ActiveCfg = Debug|Any CPU
		{D4609E0C-D533-4ECC-950D-84A27A8D9A3C}.Debug|Any CPU.Build.0 = Debug|Any CPU
		{D4609E0C-D533-4ECC-950D-84A27A8D9A3C}.Release|Any CPU.ActiveCfg = Release|Any CPU
		{D4609E0C-D533-4ECC-950D-84A27A8D9A3C}.Release|Any CPU.Build.0 = Release|Any CPU
		{89D66556-4C2F-4F36-867D-FE7C64071AF9}.Debug|Any CPU.ActiveCfg = Debug|Any CPU
		{89D66556-4C2F-4F36-867D-FE7C64071AF9}.Debug|Any CPU.Build.0 = Debug|Any CPU
		{89D66556-4C2F-4F36-867D-FE7C64071AF9}.Release|Any CPU.ActiveCfg = Release|Any CPU
		{89D66556-4C2F-4F36-867D-FE7C64071AF9}.Release|Any CPU.Build.0 = Release|Any CPU
	EndGlobalSection
	GlobalSection(SolutionProperties) = preSolution
		HideSolutionNode = FALSE
	EndGlobalSection
	GlobalSection(ExtensibilityGlobals) = postSolution
		SolutionGuid = {35AEF17D-9C2F-4BAF-8270-9212E6C8F73D}
	EndGlobalSection
EndGlobal
